<?xml version="1.0" encoding="utf-8"?>
<Project ToolsVersion="4.0" xmlns="http://schemas.microsoft.com/developer/msbuild/2003">
  <ItemGroup>
    <Filter Include="InputHandling">
      <UniqueIdentifier>{5aec0cb9-7831-4eba-aa8f-22eac4636161}</UniqueIdentifier>
    </Filter>
    <Filter Include="SearchTerms">
      <UniqueIdentifier>{90a8273d-ca1f-4d8a-8e60-5f528b398402}</UniqueIdentifier>
    </Filter>
    <Filter Include="Search">
      <UniqueIdentifier>{b6e3152f-b55a-4976-9bb2-1537e42b73d9}</UniqueIdentifier>
    </Filter>
  </ItemGroup>
  <ItemGroup>
    <ClCompile Include="ArgumentProcessor.cpp">
      <Filter>InputHandling</Filter>
    </ClCompile>
    <ClCompile Include="SearchTermsBuilderFromStream.cpp">
      <Filter>SearchTerms</Filter>
    </ClCompile>
    <ClCompile Include="Main.cpp" />
    <ClCompile Include="StreamSearcher.cpp">
      <Filter>Search</Filter>
    </ClCompile>
    <ClCompile Include="SearchItem.cpp">
      <Filter>Search</Filter>
    </ClCompile>
  </ItemGroup>
  <ItemGroup>
    <ClInclude Include="ArgumentProcessor.h">
      <Filter>InputHandling</Filter>
    </ClInclude>
    <ClInclude Include="ISearchTermsBuilder.h">
      <Filter>SearchTerms</Filter>
    </ClInclude>
    <ClInclude Include="SearchTermsBuilderFromStream.h">
      <Filter>SearchTerms</Filter>
    </ClInclude>
    <ClInclude Include="InputData.h">
      <Filter>InputHandling</Filter>
    </ClInclude>
    <ClInclude Include="StreamSearcher.h">
      <Filter>Search</Filter>
    </ClInclude>
    <ClInclude Include="SearchItem.h">
      <Filter>Search</Filter>
    </ClInclude>
  </ItemGroup>
</Project>