<?xml version="1.0" encoding="utf-8"?>
<Project ToolsVersion="4.0" xmlns="http://schemas.microsoft.com/developer/msbuild/2003">
  <ItemGroup>
    <Filter Include="InputArgumentsHandling">
      <UniqueIdentifier>{5aec0cb9-7831-4eba-aa8f-22eac4636161}</UniqueIdentifier>
    </Filter>
    <Filter Include="StreamSearch">
      <UniqueIdentifier>{b6e3152f-b55a-4976-9bb2-1537e42b73d9}</UniqueIdentifier>
    </Filter>
    <Filter Include="SearchTermsHandling">
      <UniqueIdentifier>{90a8273d-ca1f-4d8a-8e60-5f528b398402}</UniqueIdentifier>
    </Filter>
    <Filter Include="InputDataHandling">
      <UniqueIdentifier>{26b0bc0c-5fab-4d53-a319-1614542584b9}</UniqueIdentifier>
    </Filter>
    <Filter Include="Utils">
      <UniqueIdentifier>{82367364-05f0-45ba-a44f-7bf3f2f79629}</UniqueIdentifier>
    </Filter>
    <Filter Include="Logging">
      <UniqueIdentifier>{506e49eb-8721-4bc8-b82a-85777f7374fa}</UniqueIdentifier>
    </Filter>
  </ItemGroup>
  <ItemGroup>
    <ClCompile Include="ArgumentProcessor.cpp">
      <Filter>InputArgumentsHandling</Filter>
    </ClCompile>
    <ClCompile Include="SearchTermsBuilderFromStream.cpp">
      <Filter>SearchTermsHandling</Filter>
    </ClCompile>
    <ClCompile Include="Main.cpp" />
    <ClCompile Include="StreamSearcher.cpp">
      <Filter>StreamSearch</Filter>
    </ClCompile>
    <ClCompile Include="SearchNode.cpp">
      <Filter>StreamSearch</Filter>
    </ClCompile>
    <ClCompile Include="SearchTermsBuilderFromMockData.cpp">
      <Filter>SearchTermsHandling</Filter>
    </ClCompile>
    <ClCompile Include="FileInputDataSource.cpp">
      <Filter>InputDataHandling</Filter>
    </ClCompile>
    <ClCompile Include="MockInputDataSource.cpp">
      <Filter>InputDataHandling</Filter>
    </ClCompile>
    <ClCompile Include="Timer.cpp">
      <Filter>Utils</Filter>
    </ClCompile>
    <ClCompile Include="Logger.cpp">
      <Filter>Logging</Filter>
    </ClCompile>
    <ClCompile Include="ConsoleLogger.cpp">
      <Filter>Logging</Filter>
    </ClCompile>
  </ItemGroup>
  <ItemGroup>
    <ClInclude Include="ArgumentProcessor.h">
      <Filter>InputArgumentsHandling</Filter>
    </ClInclude>
    <ClInclude Include="ISearchTermsBuilder.h">
      <Filter>SearchTermsHandling</Filter>
    </ClInclude>
    <ClInclude Include="SearchTermsBuilderFromStream.h">
      <Filter>SearchTermsHandling</Filter>
    </ClInclude>
    <ClInclude Include="InputArguments.h">
      <Filter>InputArgumentsHandling</Filter>
    </ClInclude>
    <ClInclude Include="StreamSearcher.h">
      <Filter>StreamSearch</Filter>
    </ClInclude>
    <ClInclude Include="SearchNode.h">
      <Filter>StreamSearch</Filter>
    </ClInclude>
    <ClInclude Include="SearchTermsBuilderFromMockData.h">
      <Filter>SearchTermsHandling</Filter>
    </ClInclude>
    <ClInclude Include="IInputDataSource.h">
      <Filter>InputDataHandling</Filter>
    </ClInclude>
    <ClInclude Include="FileInputDataSource.h">
      <Filter>InputDataHandling</Filter>
    </ClInclude>
    <ClInclude Include="MockInputDataSource.h">
      <Filter>InputDataHandling</Filter>
    </ClInclude>
    <ClInclude Include="NamedStream.h">
      <Filter>InputDataHandling</Filter>
    </ClInclude>
    <ClInclude Include="Timer.h">
      <Filter>Utils</Filter>
    </ClInclude>
    <ClInclude Include="DateTime.h">
      <Filter>Utils</Filter>
    </ClInclude>
    <ClInclude Include="Logger.h">
      <Filter>Logging</Filter>
    </ClInclude>
    <ClInclude Include="ConsoleLogger.h">
      <Filter>Logging</Filter>
    </ClInclude>
  </ItemGroup>
</Project>